{
  "version": 4,
  "terraform_version": "1.5.7",
  "serial": 2,
  "lineage": "f9257fb5-d488-7f0e-32c5-6df43097f801",
  "outputs": {
    "sc_name": {
      "value": "https://greatjay.blob.core.windows.net/beepboop",
      "type": "string"
    }
  },
  "resources": [
    {
      "mode": "managed",
      "type": "azurerm_storage_container",
      "name": "container",
      "provider": "provider[\"registry.terraform.io/hashicorp/azurerm\"]",
      "instances": [
        {
          "schema_version": 1,
          "attributes": {
            "container_access_type": "private",
            "default_encryption_scope": "$account-encryption-key",
            "encryption_scope_override_enabled": true,
            "has_immutability_policy": false,
            "has_legal_hold": false,
            "id": "https://greatjay.blob.core.windows.net/beepboop",
            "metadata": {},
            "name": "beepboop",
            "resource_manager_id": "/subscriptions/dd905fcd-0e8c-4d38-8bf5-bce3d2783259/resourceGroups/rg-student-/providers/Microsoft.Storage/storageAccounts/greatjay/blobServices/default/containers/beepboop",
            "storage_account_name": "greatjay",
            "timeouts": null
          },
          "sensitive_attributes": [],
          "private": "eyJlMmJmYjczMC1lY2FhLTExZTYtOGY4OC0zNDM2M2JjN2M0YzAiOnsiY3JlYXRlIjoxODAwMDAwMDAwMDAwLCJkZWxldGUiOjE4MDAwMDAwMDAwMDAsInJlYWQiOjMwMDAwMDAwMDAwMCwidXBkYXRlIjoxODAwMDAwMDAwMDAwfSwic2NoZW1hX3ZlcnNpb24iOiIxIn0="
        }
      ]
    }
  ],
  "check_results": null
}
